Microsoft Visual Studio Solution File, Format Version 12.00
# Visual Studio Version 17
VisualStudioVersion = 17.5.2.0
MinimumVisualStudioVersion = 10.0.40219.1
Project("{FAE04EC0-301F-11D3-BF4B-00C04F79EFBC}") = "so-thanh-chu", "so-thanh-chu.csproj", "{5A4CCB24-488C-EA81-E736-2980CF4727C3}"
EndProject
Global
	GlobalSection(SolutionConfigurationPlatforms) = preSolution
		Debug|Any CPU = Debug|Any CPU
		Release|Any CPU = Release|Any CPU
	EndGlobalSection
	GlobalSection(ProjectConfigurationPlatforms) = postSolution
		{5A4CCB24-488C-EA81-E736-2980CF4727C3}.Debug|Any CPU.ActiveCfg = Debug|Any CPU
		{5A4CCB24-488C-EA81-E736-2980CF4727C3}.Debug|Any CPU.Build.0 = Debug|Any CPU
		{5A4CCB24-488C-EA81-E736-2980CF4727C3}.Release|Any CPU.ActiveCfg = Release|Any CPU
		{5A4CCB24-488C-EA81-E736-2980CF4727C3}.Release|Any CPU.Build.0 = Release|Any CPU
	EndGlobalSection
	GlobalSection(SolutionProperties) = preSolution
		HideSolutionNode = FALSE
	EndGlobalSection
	GlobalSection(ExtensibilityGlobals) = postSolution
		SolutionGuid = {1F942C3F-54D7-4379-983C-F9DAD8584570}
	EndGlobalSection
EndGlobal
